
Microsoft Visual Studio Solution File, Format Version 12.00
# Visual Studio Version 17
VisualStudioVersion = 17.3.32825.248
MinimumVisualStudioVersion = 10.0.40219.1
Project("{FAE04EC0-301F-11D3-BF4B-00C04F79EFBC}") = "Hydac", "Hydac.csproj", "{400B7B36-FF3A-49F1-A7B1-3F6C909F9D16}"
EndProject
Global
	GlobalSection(SolutionConfigurationPlatforms) = preSolution
		Debug|Any CPU = Debug|Any CPU
		Release|Any CPU = Release|Any CPU
	EndGlobalSection
	GlobalSection(ProjectConfigurationPlatforms) = postSolution
		{400B7B36-FF3A-49F1-A7B1-3F6C909F9D16}.Debug|Any CPU.ActiveCfg = Debug|Any CPU
		{400B7B36-FF3A-49F1-A7B1-3F6C909F9D16}.Debug|Any CPU.Build.0 = Debug|Any CPU
		{400B7B36-FF3A-49F1-A7B1-3F6C909F9D16}.Release|Any CPU.ActiveCfg = Release|Any CPU
		{400B7B36-FF3A-49F1-A7B1-3F6C909F9D16}.Release|Any CPU.Build.0 = Release|Any CPU
	EndGlobalSection
	GlobalSection(SolutionProperties) = preSolution
		HideSolutionNode = FALSE
	EndGlobalSection
	GlobalSection(ExtensibilityGlobals) = postSolution
		SolutionGuid = {A1ADA6A0-2C50-4B09-ADDD-33F70CC5EE84}
	EndGlobalSection
EndGlobal
